
Microsoft Visual Studio Solution File, Format Version 12.00
# Visual Studio Version 17
VisualStudioVersion = 17.7.34003.232
MinimumVisualStudioVersion = 10.0.40219.1
Project("{FAE04EC0-301F-11D3-BF4B-00C04F79EFBC}") = "ProductsReviewWebAPI2", "ProductsReviewWebAPI2\ProductsReviewWebAPI2.csproj", "{F7F528E0-2017-4AE2-B060-04569C1029DA}"
EndProject
Global
	GlobalSection(SolutionConfigurationPlatforms) = preSolution
		Debug|Any CPU = Debug|Any CPU
		Release|Any CPU = Release|Any CPU
	EndGlobalSection
	GlobalSection(ProjectConfigurationPlatforms) = postSolution
		{F7F528E0-2017-4AE2-B060-04569C1029DA}.Debug|Any CPU.ActiveCfg = Debug|Any CPU
		{F7F528E0-2017-4AE2-B060-04569C1029DA}.Debug|Any CPU.Build.0 = Debug|Any CPU
		{F7F528E0-2017-4AE2-B060-04569C1029DA}.Release|Any CPU.ActiveCfg = Release|Any CPU
		{F7F528E0-2017-4AE2-B060-04569C1029DA}.Release|Any CPU.Build.0 = Release|Any CPU
	EndGlobalSection
	GlobalSection(SolutionProperties) = preSolution
		HideSolutionNode = FALSE
	EndGlobalSection
	GlobalSection(ExtensibilityGlobals) = postSolution
		SolutionGuid = {4EEFAB40-8156-4FCC-BE9E-20BF3333EE42}
	EndGlobalSection
EndGlobal
